
Microsoft Visual Studio Solution File, Format Version 12.00
# Visual Studio 15
VisualStudioVersion = 15.0.27130.2027
MinimumVisualStudioVersion = 10.0.40219.1
Project("{2150E333-8FDC-42A3-9474-1A3956D46DE8}") = "Maybe", "Maybe", "{E203D438-DAAB-45AF-B290-7B1AB738273B}"
EndProject
Project("{FAE04EC0-301F-11D3-BF4B-00C04F79EFBC}") = "Alt.Utils", "..\Maybe\Alt.Utils\Alt.Utils.csproj", "{931F3FC9-9263-4269-A04E-CE6789ADF4D6}"
EndProject
Project("{2150E333-8FDC-42A3-9474-1A3956D46DE8}") = "Dominio", "Dominio", "{96E68658-7FEC-46CB-82D1-B700DD34186F}"
EndProject
Project("{FAE04EC0-301F-11D3-BF4B-00C04F79EFBC}") = "Dominio.Localidade", "Dominio\Dominio.Localidade\Dominio.Localidade.csproj", "{3AE4139B-A96B-4E51-95BB-450C976FCF6B}"
EndProject
Project("{2150E333-8FDC-42A3-9474-1A3956D46DE8}") = "PlusCode", "PlusCode", "{F3C3F324-34B9-4658-B623-2FC3F6A72C38}"
EndProject
Project("{FAE04EC0-301F-11D3-BF4B-00C04F79EFBC}") = "PlusCode", "PlusCode\PlusCode\PlusCode.csproj", "{C6DEAE60-9A92-4173-AD41-05DCD707C4F4}"
EndProject
Project("{FAE04EC0-301F-11D3-BF4B-00C04F79EFBC}") = "PlusCode.Tests", "PlusCode\PlusCode.Tests\PlusCode.Tests.csproj", "{C577DD78-A533-4AEE-9BD8-AB8BB21B27E6}"
EndProject
Global
	GlobalSection(SolutionConfigurationPlatforms) = preSolution
		Debug|Any CPU = Debug|Any CPU
		Release|Any CPU = Release|Any CPU
	EndGlobalSection
	GlobalSection(ProjectConfigurationPlatforms) = postSolution
		{931F3FC9-9263-4269-A04E-CE6789ADF4D6}.Debug|Any CPU.ActiveCfg = Debug|Any CPU
		{931F3FC9-9263-4269-A04E-CE6789ADF4D6}.Debug|Any CPU.Build.0 = Debug|Any CPU
		{931F3FC9-9263-4269-A04E-CE6789ADF4D6}.Release|Any CPU.ActiveCfg = Release|Any CPU
		{931F3FC9-9263-4269-A04E-CE6789ADF4D6}.Release|Any CPU.Build.0 = Release|Any CPU
		{3AE4139B-A96B-4E51-95BB-450C976FCF6B}.Debug|Any CPU.ActiveCfg = Debug|Any CPU
		{3AE4139B-A96B-4E51-95BB-450C976FCF6B}.Debug|Any CPU.Build.0 = Debug|Any CPU
		{3AE4139B-A96B-4E51-95BB-450C976FCF6B}.Release|Any CPU.ActiveCfg = Release|Any CPU
		{3AE4139B-A96B-4E51-95BB-450C976FCF6B}.Release|Any CPU.Build.0 = Release|Any CPU
		{C6DEAE60-9A92-4173-AD41-05DCD707C4F4}.Debug|Any CPU.ActiveCfg = Debug|Any CPU
		{C6DEAE60-9A92-4173-AD41-05DCD707C4F4}.Debug|Any CPU.Build.0 = Debug|Any CPU
		{C6DEAE60-9A92-4173-AD41-05DCD707C4F4}.Release|Any CPU.ActiveCfg = Release|Any CPU
		{C6DEAE60-9A92-4173-AD41-05DCD707C4F4}.Release|Any CPU.Build.0 = Release|Any CPU
		{C577DD78-A533-4AEE-9BD8-AB8BB21B27E6}.Debug|Any CPU.ActiveCfg = Debug|Any CPU
		{C577DD78-A533-4AEE-9BD8-AB8BB21B27E6}.Debug|Any CPU.Build.0 = Debug|Any CPU
		{C577DD78-A533-4AEE-9BD8-AB8BB21B27E6}.Release|Any CPU.ActiveCfg = Release|Any CPU
		{C577DD78-A533-4AEE-9BD8-AB8BB21B27E6}.Release|Any CPU.Build.0 = Release|Any CPU
	EndGlobalSection
	GlobalSection(SolutionProperties) = preSolution
		HideSolutionNode = FALSE
	EndGlobalSection
	GlobalSection(NestedProjects) = preSolution
		{931F3FC9-9263-4269-A04E-CE6789ADF4D6} = {E203D438-DAAB-45AF-B290-7B1AB738273B}
		{3AE4139B-A96B-4E51-95BB-450C976FCF6B} = {96E68658-7FEC-46CB-82D1-B700DD34186F}
		{C6DEAE60-9A92-4173-AD41-05DCD707C4F4} = {F3C3F324-34B9-4658-B623-2FC3F6A72C38}
		{C577DD78-A533-4AEE-9BD8-AB8BB21B27E6} = {F3C3F324-34B9-4658-B623-2FC3F6A72C38}
	EndGlobalSection
	GlobalSection(ExtensibilityGlobals) = postSolution
		SolutionGuid = {986F3FC9-5A4A-4D82-A0AF-C86B356406AF}
	EndGlobalSection
EndGlobal
